
Microsoft Visual Studio Solution File, Format Version 12.00
# Visual Studio Version 17
VisualStudioVersion = 17.0.31606.5
MinimumVisualStudioVersion = 10.0.40219.1
Project("{2150E333-8FDC-42A3-9474-1A3956D46DE8}") = "Solution Items", "Solution Items", "{2AC77BF2-2FBB-4DE2-9444-38EC30003867}"
	ProjectSection(SolutionItems) = preProject
		.gitattributes = .gitattributes
		.gitignore = .gitignore
		Directory.Build.props = Directory.Build.props
		LICENSE = LICENSE
		README.md = README.md
		build\Version.props = build\Version.props
	EndProjectSection
EndProject
Project("{9A19103F-16F7-4668-BE54-9A1E7A4F7556}") = "dotnetCampus.CommandLine", "src\dotnetCampus.CommandLine\dotnetCampus.CommandLine.csproj", "{EE3640D1-C870-4C4E-869E-AE3DCC6CB3C4}"
EndProject
Project("{9A19103F-16F7-4668-BE54-9A1E7A4F7556}") = "dotnetCampus.CommandLine.Analyzer", "src\dotnetCampus.CommandLine.Analyzer\dotnetCampus.CommandLine.Analyzer.csproj", "{8AD0FEAB-2E36-4EBB-9E32-C4394FC6DC86}"
EndProject
Project("{2150E333-8FDC-42A3-9474-1A3956D46DE8}") = "Tests", "Tests", "{7DDA8183-3606-4B08-86E3-A4537860448F}"
EndProject
Project("{9A19103F-16F7-4668-BE54-9A1E7A4F7556}") = "dotnetCampus.CommandLine.Tests", "tests\dotnetCampus.CommandLine.Tests\dotnetCampus.CommandLine.Tests.csproj", "{470A596C-D8C4-4506-A71A-4BEEA08BCC62}"
EndProject
Project("{9A19103F-16F7-4668-BE54-9A1E7A4F7556}") = "dotnetCampus.CommandLine.Performance", "tests\dotnetCampus.CommandLine.Performance\dotnetCampus.CommandLine.Performance.csproj", "{7B664373-31A0-47AB-9076-15153EF4722A}"
EndProject
Project("{2150E333-8FDC-42A3-9474-1A3956D46DE8}") = "samples", "samples", "{F26EAA27-AA79-4B28-890C-D759F1D1A374}"
EndProject
Project("{9A19103F-16F7-4668-BE54-9A1E7A4F7556}") = "dotnetCampus.CommandLine.Sample", "samples\dotnetCampus.CommandLine.Sample\dotnetCampus.CommandLine.Sample.csproj", "{B44D0273-A584-4845-899A-597D52387DC7}"
EndProject
Global
	GlobalSection(SolutionConfigurationPlatforms) = preSolution
		Debug|Any CPU = Debug|Any CPU
		Debug|x86 = Debug|x86
		Release|Any CPU = Release|Any CPU
		Release|x86 = Release|x86
	EndGlobalSection
	GlobalSection(ProjectConfigurationPlatforms) = postSolution
		{EE3640D1-C870-4C4E-869E-AE3DCC6CB3C4}.Debug|Any CPU.ActiveCfg = Debug|Any CPU
		{EE3640D1-C870-4C4E-869E-AE3DCC6CB3C4}.Debug|Any CPU.Build.0 = Debug|Any CPU
		{EE3640D1-C870-4C4E-869E-AE3DCC6CB3C4}.Debug|x86.ActiveCfg = Debug|Any CPU
		{EE3640D1-C870-4C4E-869E-AE3DCC6CB3C4}.Debug|x86.Build.0 = Debug|Any CPU
		{EE3640D1-C870-4C4E-869E-AE3DCC6CB3C4}.Release|Any CPU.ActiveCfg = Release|Any CPU
		{EE3640D1-C870-4C4E-869E-AE3DCC6CB3C4}.Release|Any CPU.Build.0 = Release|Any CPU
		{EE3640D1-C870-4C4E-869E-AE3DCC6CB3C4}.Release|x86.ActiveCfg = Release|Any CPU
		{EE3640D1-C870-4C4E-869E-AE3DCC6CB3C4}.Release|x86.Build.0 = Release|Any CPU
		{8AD0FEAB-2E36-4EBB-9E32-C4394FC6DC86}.Debug|Any CPU.ActiveCfg = Debug|Any CPU
		{8AD0FEAB-2E36-4EBB-9E32-C4394FC6DC86}.Debug|Any CPU.Build.0 = Debug|Any CPU
		{8AD0FEAB-2E36-4EBB-9E32-C4394FC6DC86}.Debug|x86.ActiveCfg = Debug|Any CPU
		{8AD0FEAB-2E36-4EBB-9E32-C4394FC6DC86}.Debug|x86.Build.0 = Debug|Any CPU
		{8AD0FEAB-2E36-4EBB-9E32-C4394FC6DC86}.Release|Any CPU.ActiveCfg = Release|Any CPU
		{8AD0FEAB-2E36-4EBB-9E32-C4394FC6DC86}.Release|Any CPU.Build.0 = Release|Any CPU
		{8AD0FEAB-2E36-4EBB-9E32-C4394FC6DC86}.Release|x86.ActiveCfg = Release|Any CPU
		{8AD0FEAB-2E36-4EBB-9E32-C4394FC6DC86}.Release|x86.Build.0 = Release|Any CPU
		{470A596C-D8C4-4506-A71A-4BEEA08BCC62}.Debug|Any CPU.ActiveCfg = Debug|Any CPU
		{470A596C-D8C4-4506-A71A-4BEEA08BCC62}.Debug|Any CPU.Build.0 = Debug|Any CPU
		{470A596C-D8C4-4506-A71A-4BEEA08BCC62}.Debug|x86.ActiveCfg = Debug|Any CPU
		{470A596C-D8C4-4506-A71A-4BEEA08BCC62}.Debug|x86.Build.0 = Debug|Any CPU
		{470A596C-D8C4-4506-A71A-4BEEA08BCC62}.Release|Any CPU.ActiveCfg = Release|Any CPU
		{470A596C-D8C4-4506-A71A-4BEEA08BCC62}.Release|Any CPU.Build.0 = Release|Any CPU
		{470A596C-D8C4-4506-A71A-4BEEA08BCC62}.Release|x86.ActiveCfg = Release|Any CPU
		{470A596C-D8C4-4506-A71A-4BEEA08BCC62}.Release|x86.Build.0 = Release|Any CPU
		{7B664373-31A0-47AB-9076-15153EF4722A}.Debug|Any CPU.ActiveCfg = Debug|Any CPU
		{7B664373-31A0-47AB-9076-15153EF4722A}.Debug|Any CPU.Build.0 = Debug|Any CPU
		{7B664373-31A0-47AB-9076-15153EF4722A}.Debug|x86.ActiveCfg = Debug|Any CPU
		{7B664373-31A0-47AB-9076-15153EF4722A}.Debug|x86.Build.0 = Debug|Any CPU
		{7B664373-31A0-47AB-9076-15153EF4722A}.Release|Any CPU.ActiveCfg = Release|Any CPU
		{7B664373-31A0-47AB-9076-15153EF4722A}.Release|Any CPU.Build.0 = Release|Any CPU
		{7B664373-31A0-47AB-9076-15153EF4722A}.Release|x86.ActiveCfg = Release|Any CPU
		{7B664373-31A0-47AB-9076-15153EF4722A}.Release|x86.Build.0 = Release|Any CPU
		{B44D0273-A584-4845-899A-597D52387DC7}.Debug|Any CPU.ActiveCfg = Debug|Any CPU
		{B44D0273-A584-4845-899A-597D52387DC7}.Debug|Any CPU.Build.0 = Debug|Any CPU
		{B44D0273-A584-4845-899A-597D52387DC7}.Debug|x86.ActiveCfg = Debug|Any CPU
		{B44D0273-A584-4845-899A-597D52387DC7}.Debug|x86.Build.0 = Debug|Any CPU
		{B44D0273-A584-4845-899A-597D52387DC7}.Release|Any CPU.ActiveCfg = Release|Any CPU
		{B44D0273-A584-4845-899A-597D52387DC7}.Release|Any CPU.Build.0 = Release|Any CPU
		{B44D0273-A584-4845-899A-597D52387DC7}.Release|x86.ActiveCfg = Release|Any CPU
		{B44D0273-A584-4845-899A-597D52387DC7}.Release|x86.Build.0 = Release|Any CPU
	EndGlobalSection
	GlobalSection(SolutionProperties) = preSolution
		HideSolutionNode = FALSE
	EndGlobalSection
	GlobalSection(NestedProjects) = preSolution
		{470A596C-D8C4-4506-A71A-4BEEA08BCC62} = {7DDA8183-3606-4B08-86E3-A4537860448F}
		{7B664373-31A0-47AB-9076-15153EF4722A} = {7DDA8183-3606-4B08-86E3-A4537860448F}
		{B44D0273-A584-4845-899A-597D52387DC7} = {F26EAA27-AA79-4B28-890C-D759F1D1A374}
	EndGlobalSection
	GlobalSection(ExtensibilityGlobals) = postSolution
		SolutionGuid = {52E30C59-C5C8-4517-811A-667BFA2BFABB}
	EndGlobalSection
EndGlobal
