
Microsoft Visual Studio Solution File, Format Version 12.00
# Visual Studio Version 17
VisualStudioVersion = 17.0.31606.5
MinimumVisualStudioVersion = 10.0.40219.1
Project("{2150E333-8FDC-42A3-9474-1A3956D46DE8}") = "build", "build", "{2AC77BF2-2FBB-4DE2-9444-38EC30003867}"
	ProjectSection(SolutionItems) = preProject
		.gitattributes = .gitattributes
		.gitignore = .gitignore
		Directory.Build.props = Directory.Build.props
		LICENSE = LICENSE
		README.md = README.md
		build\Version.props = build\Version.props
	EndProjectSection
EndProject
Project("{9A19103F-16F7-4668-BE54-9A1E7A4F7556}") = "DotNetCampus.CommandLine.Analyzer", "src\DotNetCampus.CommandLine.Analyzer\DotNetCampus.CommandLine.Analyzer.csproj", "{8AD0FEAB-2E36-4EBB-9E32-C4394FC6DC86}"
EndProject
Project("{2150E333-8FDC-42A3-9474-1A3956D46DE8}") = "tests", "tests", "{7DDA8183-3606-4B08-86E3-A4537860448F}"
EndProject
Project("{2150E333-8FDC-42A3-9474-1A3956D46DE8}") = "samples", "samples", "{F26EAA27-AA79-4B28-890C-D759F1D1A374}"
EndProject
Project("{FAE04EC0-301F-11D3-BF4B-00C04F79EFBC}") = "DotNetCampus.CommandLine", "src\DotNetCampus.CommandLine\DotNetCampus.CommandLine.csproj", "{B61424A0-02C5-4C24-819B-8153D52BC0B8}"
EndProject
Project("{FAE04EC0-301F-11D3-BF4B-00C04F79EFBC}") = "DotNetCampus.CommandLine.Sample", "samples\DotNetCampus.CommandLine.Sample\DotNetCampus.CommandLine.Sample.csproj", "{6B8F7500-B161-408D-BFA3-AE77CB8CF4D8}"
EndProject
Project("{FAE04EC0-301F-11D3-BF4B-00C04F79EFBC}") = "DotNetCampus.CommandLine.Tests", "tests\DotNetCampus.CommandLine.Tests\DotNetCampus.CommandLine.Tests.csproj", "{70991994-BB0C-4D00-9B74-E8736D0AD7C1}"
EndProject
Project("{FAE04EC0-301F-11D3-BF4B-00C04F79EFBC}") = "DotNetCampus.CommandLine.Performance", "tests\DotNetCampus.CommandLine.Performance\DotNetCampus.CommandLine.Performance.csproj", "{56B65FC1-CE75-4981-A880-954D891901D6}"
EndProject
Global
	GlobalSection(SolutionConfigurationPlatforms) = preSolution
		Debug|Any CPU = Debug|Any CPU
		Debug|x86 = Debug|x86
		Release|Any CPU = Release|Any CPU
		Release|x86 = Release|x86
	EndGlobalSection
	GlobalSection(ProjectConfigurationPlatforms) = postSolution
		{8AD0FEAB-2E36-4EBB-9E32-C4394FC6DC86}.Debug|Any CPU.ActiveCfg = Debug|Any CPU
		{8AD0FEAB-2E36-4EBB-9E32-C4394FC6DC86}.Debug|Any CPU.Build.0 = Debug|Any CPU
		{8AD0FEAB-2E36-4EBB-9E32-C4394FC6DC86}.Debug|x86.ActiveCfg = Debug|Any CPU
		{8AD0FEAB-2E36-4EBB-9E32-C4394FC6DC86}.Debug|x86.Build.0 = Debug|Any CPU
		{8AD0FEAB-2E36-4EBB-9E32-C4394FC6DC86}.Release|Any CPU.ActiveCfg = Release|Any CPU
		{8AD0FEAB-2E36-4EBB-9E32-C4394FC6DC86}.Release|Any CPU.Build.0 = Release|Any CPU
		{8AD0FEAB-2E36-4EBB-9E32-C4394FC6DC86}.Release|x86.ActiveCfg = Release|Any CPU
		{8AD0FEAB-2E36-4EBB-9E32-C4394FC6DC86}.Release|x86.Build.0 = Release|Any CPU
		{B61424A0-02C5-4C24-819B-8153D52BC0B8}.Debug|Any CPU.ActiveCfg = Debug|Any CPU
		{B61424A0-02C5-4C24-819B-8153D52BC0B8}.Debug|Any CPU.Build.0 = Debug|Any CPU
		{B61424A0-02C5-4C24-819B-8153D52BC0B8}.Debug|x86.ActiveCfg = Debug|Any CPU
		{B61424A0-02C5-4C24-819B-8153D52BC0B8}.Debug|x86.Build.0 = Debug|Any CPU
		{B61424A0-02C5-4C24-819B-8153D52BC0B8}.Release|Any CPU.ActiveCfg = Release|Any CPU
		{B61424A0-02C5-4C24-819B-8153D52BC0B8}.Release|Any CPU.Build.0 = Release|Any CPU
		{B61424A0-02C5-4C24-819B-8153D52BC0B8}.Release|x86.ActiveCfg = Release|Any CPU
		{B61424A0-02C5-4C24-819B-8153D52BC0B8}.Release|x86.Build.0 = Release|Any CPU
		{6B8F7500-B161-408D-BFA3-AE77CB8CF4D8}.Debug|Any CPU.ActiveCfg = Debug|Any CPU
		{6B8F7500-B161-408D-BFA3-AE77CB8CF4D8}.Debug|Any CPU.Build.0 = Debug|Any CPU
		{6B8F7500-B161-408D-BFA3-AE77CB8CF4D8}.Debug|x86.ActiveCfg = Debug|Any CPU
		{6B8F7500-B161-408D-BFA3-AE77CB8CF4D8}.Debug|x86.Build.0 = Debug|Any CPU
		{6B8F7500-B161-408D-BFA3-AE77CB8CF4D8}.Release|Any CPU.ActiveCfg = Release|Any CPU
		{6B8F7500-B161-408D-BFA3-AE77CB8CF4D8}.Release|Any CPU.Build.0 = Release|Any CPU
		{6B8F7500-B161-408D-BFA3-AE77CB8CF4D8}.Release|x86.ActiveCfg = Release|Any CPU
		{6B8F7500-B161-408D-BFA3-AE77CB8CF4D8}.Release|x86.Build.0 = Release|Any CPU
		{70991994-BB0C-4D00-9B74-E8736D0AD7C1}.Debug|Any CPU.ActiveCfg = Debug|Any CPU
		{70991994-BB0C-4D00-9B74-E8736D0AD7C1}.Debug|Any CPU.Build.0 = Debug|Any CPU
		{70991994-BB0C-4D00-9B74-E8736D0AD7C1}.Debug|x86.ActiveCfg = Debug|Any CPU
		{70991994-BB0C-4D00-9B74-E8736D0AD7C1}.Debug|x86.Build.0 = Debug|Any CPU
		{70991994-BB0C-4D00-9B74-E8736D0AD7C1}.Release|Any CPU.ActiveCfg = Release|Any CPU
		{70991994-BB0C-4D00-9B74-E8736D0AD7C1}.Release|Any CPU.Build.0 = Release|Any CPU
		{70991994-BB0C-4D00-9B74-E8736D0AD7C1}.Release|x86.ActiveCfg = Release|Any CPU
		{70991994-BB0C-4D00-9B74-E8736D0AD7C1}.Release|x86.Build.0 = Release|Any CPU
		{56B65FC1-CE75-4981-A880-954D891901D6}.Debug|Any CPU.ActiveCfg = Debug|Any CPU
		{56B65FC1-CE75-4981-A880-954D891901D6}.Debug|Any CPU.Build.0 = Debug|Any CPU
		{56B65FC1-CE75-4981-A880-954D891901D6}.Debug|x86.ActiveCfg = Debug|Any CPU
		{56B65FC1-CE75-4981-A880-954D891901D6}.Debug|x86.Build.0 = Debug|Any CPU
		{56B65FC1-CE75-4981-A880-954D891901D6}.Release|Any CPU.ActiveCfg = Release|Any CPU
		{56B65FC1-CE75-4981-A880-954D891901D6}.Release|Any CPU.Build.0 = Release|Any CPU
		{56B65FC1-CE75-4981-A880-954D891901D6}.Release|x86.ActiveCfg = Release|Any CPU
		{56B65FC1-CE75-4981-A880-954D891901D6}.Release|x86.Build.0 = Release|Any CPU
	EndGlobalSection
	GlobalSection(SolutionProperties) = preSolution
		HideSolutionNode = FALSE
	EndGlobalSection
	GlobalSection(NestedProjects) = preSolution
		{6B8F7500-B161-408D-BFA3-AE77CB8CF4D8} = {F26EAA27-AA79-4B28-890C-D759F1D1A374}
		{70991994-BB0C-4D00-9B74-E8736D0AD7C1} = {7DDA8183-3606-4B08-86E3-A4537860448F}
		{56B65FC1-CE75-4981-A880-954D891901D6} = {7DDA8183-3606-4B08-86E3-A4537860448F}
	EndGlobalSection
	GlobalSection(ExtensibilityGlobals) = postSolution
		SolutionGuid = {52E30C59-C5C8-4517-811A-667BFA2BFABB}
	EndGlobalSection
EndGlobal
